
Microsoft Visual Studio Solution File, Format Version 12.00
# Visual Studio 15
VisualStudioVersion = 15.0.27703.2035
MinimumVisualStudioVersion = 10.0.40219.1
Project("{9A19103F-16F7-4668-BE54-9A1E7A4F7556}") = "Aoo", "Aoo\Aoo.csproj", "{A152579C-91E0-458C-96C0-45C4A77F8859}"
EndProject
Project("{9A19103F-16F7-4668-BE54-9A1E7A4F7556}") = "BLL", "BLL\BLL.csproj", "{0029CE92-217A-46AC-AA24-FD5F11576123}"
EndProject
Project("{9A19103F-16F7-4668-BE54-9A1E7A4F7556}") = "DAL", "DAL\DAL.csproj", "{6E724455-8DF6-4889-891F-73FD48888DF3}"
EndProject
Project("{9A19103F-16F7-4668-BE54-9A1E7A4F7556}") = "CacheHelpers", "CacheHelpers\CacheHelpers.csproj", "{BEF23ED0-751F-4FB3-8059-10165344A359}"
EndProject
Project("{9A19103F-16F7-4668-BE54-9A1E7A4F7556}") = "UniTest", "UniTest\UniTest.csproj", "{1F790371-7E07-4FA0-8BAB-6E514EBD343F}"
EndProject
Project("{FAE04EC0-301F-11D3-BF4B-00C04F79EFBC}") = "Services", "Services\Services.csproj", "{DD32F4C4-ACD9-4668-AA87-3ED0389DE060}"
EndProject
Project("{FAE04EC0-301F-11D3-BF4B-00C04F79EFBC}") = "Helpers", "Helpers\Helpers.csproj", "{C24AFA8F-ACDA-412C-ACF6-B17876384BE1}"
EndProject
Global
	GlobalSection(SolutionConfigurationPlatforms) = preSolution
		Debug|Any CPU = Debug|Any CPU
		Release|Any CPU = Release|Any CPU
	EndGlobalSection
	GlobalSection(ProjectConfigurationPlatforms) = postSolution
		{A152579C-91E0-458C-96C0-45C4A77F8859}.Debug|Any CPU.ActiveCfg = Debug|Any CPU
		{A152579C-91E0-458C-96C0-45C4A77F8859}.Debug|Any CPU.Build.0 = Debug|Any CPU
		{A152579C-91E0-458C-96C0-45C4A77F8859}.Release|Any CPU.ActiveCfg = Release|Any CPU
		{A152579C-91E0-458C-96C0-45C4A77F8859}.Release|Any CPU.Build.0 = Release|Any CPU
		{0029CE92-217A-46AC-AA24-FD5F11576123}.Debug|Any CPU.ActiveCfg = Debug|Any CPU
		{0029CE92-217A-46AC-AA24-FD5F11576123}.Debug|Any CPU.Build.0 = Debug|Any CPU
		{0029CE92-217A-46AC-AA24-FD5F11576123}.Release|Any CPU.ActiveCfg = Release|Any CPU
		{0029CE92-217A-46AC-AA24-FD5F11576123}.Release|Any CPU.Build.0 = Release|Any CPU
		{6E724455-8DF6-4889-891F-73FD48888DF3}.Debug|Any CPU.ActiveCfg = Debug|Any CPU
		{6E724455-8DF6-4889-891F-73FD48888DF3}.Debug|Any CPU.Build.0 = Debug|Any CPU
		{6E724455-8DF6-4889-891F-73FD48888DF3}.Release|Any CPU.ActiveCfg = Release|Any CPU
		{6E724455-8DF6-4889-891F-73FD48888DF3}.Release|Any CPU.Build.0 = Release|Any CPU
		{BEF23ED0-751F-4FB3-8059-10165344A359}.Debug|Any CPU.ActiveCfg = Debug|Any CPU
		{BEF23ED0-751F-4FB3-8059-10165344A359}.Debug|Any CPU.Build.0 = Debug|Any CPU
		{BEF23ED0-751F-4FB3-8059-10165344A359}.Release|Any CPU.ActiveCfg = Release|Any CPU
		{BEF23ED0-751F-4FB3-8059-10165344A359}.Release|Any CPU.Build.0 = Release|Any CPU
		{1F790371-7E07-4FA0-8BAB-6E514EBD343F}.Debug|Any CPU.ActiveCfg = Debug|Any CPU
		{1F790371-7E07-4FA0-8BAB-6E514EBD343F}.Debug|Any CPU.Build.0 = Debug|Any CPU
		{1F790371-7E07-4FA0-8BAB-6E514EBD343F}.Release|Any CPU.ActiveCfg = Release|Any CPU
		{1F790371-7E07-4FA0-8BAB-6E514EBD343F}.Release|Any CPU.Build.0 = Release|Any CPU
		{DD32F4C4-ACD9-4668-AA87-3ED0389DE060}.Debug|Any CPU.ActiveCfg = Debug|Any CPU
		{DD32F4C4-ACD9-4668-AA87-3ED0389DE060}.Debug|Any CPU.Build.0 = Debug|Any CPU
		{DD32F4C4-ACD9-4668-AA87-3ED0389DE060}.Release|Any CPU.ActiveCfg = Release|Any CPU
		{DD32F4C4-ACD9-4668-AA87-3ED0389DE060}.Release|Any CPU.Build.0 = Release|Any CPU
		{C24AFA8F-ACDA-412C-ACF6-B17876384BE1}.Debug|Any CPU.ActiveCfg = Debug|Any CPU
		{C24AFA8F-ACDA-412C-ACF6-B17876384BE1}.Debug|Any CPU.Build.0 = Debug|Any CPU
		{C24AFA8F-ACDA-412C-ACF6-B17876384BE1}.Release|Any CPU.ActiveCfg = Release|Any CPU
		{C24AFA8F-ACDA-412C-ACF6-B17876384BE1}.Release|Any CPU.Build.0 = Release|Any CPU
	EndGlobalSection
	GlobalSection(SolutionProperties) = preSolution
		HideSolutionNode = FALSE
	EndGlobalSection
	GlobalSection(ExtensibilityGlobals) = postSolution
		SolutionGuid = {A2023F61-ADF1-4FE6-A76A-CD56D1177D2B}
	EndGlobalSection
EndGlobal
